
Microsoft Visual Studio Solution File, Format Version 12.00
# Visual Studio Version 16
VisualStudioVersion = 16.0.30907.101
MinimumVisualStudioVersion = 10.0.40219.1
Project("{FAE04EC0-301F-11D3-BF4B-00C04F79EFBC}") = "Plakaty_Zadanie_Testowe", "Plakaty_Zadanie_Testowe\Plakaty_Zadanie_Testowe.csproj", "{55D7FB2B-357D-442B-8C8A-DFE14CB4B431}"
EndProject
Global
	GlobalSection(SolutionConfigurationPlatforms) = preSolution
		Debug|Any CPU = Debug|Any CPU
		Release|Any CPU = Release|Any CPU
	EndGlobalSection
	GlobalSection(ProjectConfigurationPlatforms) = postSolution
		{55D7FB2B-357D-442B-8C8A-DFE14CB4B431}.Debug|Any CPU.ActiveCfg = Debug|Any CPU
		{55D7FB2B-357D-442B-8C8A-DFE14CB4B431}.Debug|Any CPU.Build.0 = Debug|Any CPU
		{55D7FB2B-357D-442B-8C8A-DFE14CB4B431}.Release|Any CPU.ActiveCfg = Release|Any CPU
		{55D7FB2B-357D-442B-8C8A-DFE14CB4B431}.Release|Any CPU.Build.0 = Release|Any CPU
	EndGlobalSection
	GlobalSection(SolutionProperties) = preSolution
		HideSolutionNode = FALSE
	EndGlobalSection
	GlobalSection(ExtensibilityGlobals) = postSolution
		SolutionGuid = {B2207C57-0DA0-43BF-A5FD-96056012BA34}
	EndGlobalSection
EndGlobal
